uuid: b2891caf-22d3-44b7-afd0-4919ff54c85a
langcode: en
status: true
dependencies:
  config:
    - views.view.ordered_topics
  module:
    - node
    - views
  theme:
    - mass_admin_theme
id: mass_admin_theme_views_block__ordered_topics_ordered_topic_list_block
theme: mass_admin_theme
region: header
weight: -3
provider: null
plugin: 'views_block:ordered_topics-ordered_topic_list_block'
settings:
  id: 'views_block:ordered_topics-ordered_topic_list_block'
  label: ''
  provider: views
  label_display: '0'
  views_label: ''
  items_per_page: none
visibility:
  node_type:
    id: node_type
    bundles:
      section_landing: section_landing
    negate: false
    context_mapping:
      node: '@node.node_route_context:node'
