uuid: 6ced440e-f337-458b-821c-301bae0cf23f
langcode: en
status: true
dependencies:
  config:
    - views.view.subtopics
  module:
    - node
    - views
  theme:
    - mass_theme
id: views_block__subtopics_ordered_subtopic_list_block
theme: mass_theme
region: section_topics
weight: -4
provider: null
plugin: 'views_block:subtopics-ordered_subtopic_list_block'
settings:
  id: 'views_block:subtopics-ordered_subtopic_list_block'
  label: ''
  provider: views
  label_display: '0'
  views_label: ''
  items_per_page: none
visibility:
  node_type:
    id: node_type
    bundles:
      topic: topic
    negate: false
    context_mapping:
      node: '@node.node_route_context:node'
