uuid: f4cd9a62-5455-4c2f-b710-976e87d1d791
langcode: en
status: true
dependencies:
  config:
    - views.view.ordered_topics
  module:
    - node
    - views
  theme:
    - mass_theme
id: views_block__ordered_topics_ordered_topic_list_block
theme: mass_theme
region: section_topics
weight: -4
provider: null
plugin: 'views_block:ordered_topics-ordered_topic_list_block'
settings:
  id: 'views_block:ordered_topics-ordered_topic_list_block'
  label: ''
  provider: views
  label_display: '0'
  views_label: ''
  items_per_page: none
visibility:
  node_type:
    id: node_type
    bundles:
      section_landing: section_landing
    negate: false
    context_mapping:
      node: '@node.node_route_context:node'
